// !$*UTF8*$!
{
	archiveVersion = 1;
	classes = {
	};
	objectVersion = 46;
	objects = {

/* Begin PBXBuildFile section */
		D0B6D8E21E3E3181007A59CA /* AppDelegate.swift in Sources */ = {isa = PBXBuildFile; fileRef = D0B6D8E11E3E3181007A59CA /* AppDelegate.swift */; };
		D0B6D8E41E3E3181007A59CA /* MateMapViewController.swift in Sources */ = {isa = PBXBuildFile; fileRef = D0B6D8E31E3E3181007A59CA /* MateMapViewController.swift */; };
		D0B6D8E71E3E3181007A59CA /* Main.storyboard in Resources */ = {isa = PBXBuildFile; fileRef = D0B6D8E51E3E3181007A59CA /* Main.storyboard */; };
		D0B6D8E91E3E3181007A59CA /* Assets.xcassets in Resources */ = {isa = PBXBuildFile; fileRef = D0B6D8E81E3E3181007A59CA /* Assets.xcassets */; };
		D0B6D8EC1E3E3181007A59CA /* LaunchScreen.storyboard in Resources */ = {isa = PBXBuildFile; fileRef = D0B6D8EA1E3E3181007A59CA /* LaunchScreen.storyboard */; };
		D0B6D8F71E3E800B007A59CA /* MapKit.framework in Frameworks */ = {isa = PBXBuildFile; fileRef = D0B6D8F61E3E800B007A59CA /* MapKit.framework */; };
		D0B6D8FC1E3FDB97007A59CA /* MMDealerFetcher.swift in Sources */ = {isa = PBXBuildFile; fileRef = D0B6D8FB1E3FDB97007A59CA /* MMDealerFetcher.swift */; };
		D0B6D8FE1E3FE21D007A59CA /* GlobalValues.swift in Sources */ = {isa = PBXBuildFile; fileRef = D0B6D8FD1E3FE21D007A59CA /* GlobalValues.swift */; };
		D0B6D9001E4129FB007A59CA /* MMDealer.swift in Sources */ = {isa = PBXBuildFile; fileRef = D0B6D8FF1E4129FB007A59CA /* MMDealer.swift */; };
/* End PBXBuildFile section */

/* Begin PBXFileReference section */
		D0B6D8DE1E3E3181007A59CA /* MateMonkey.app */ = {isa = PBXFileReference; explicitFileType = wrapper.application; includeInIndex = 0; path = MateMonkey.app; sourceTree = BUILT_PRODUCTS_DIR; };
		D0B6D8E11E3E3181007A59CA /* AppDelegate.swift */ = {isa = PBXFileReference; lastKnownFileType = sourcecode.swift; path = AppDelegate.swift; sourceTree = "<group>"; };
		D0B6D8E31E3E3181007A59CA /* MateMapViewController.swift */ = {isa = PBXFileReference; lastKnownFileType = sourcecode.swift; path = MateMapViewController.swift; sourceTree = "<group>"; };
		D0B6D8E61E3E3181007A59CA /* Base */ = {isa = PBXFileReference; lastKnownFileType = file.storyboard; name = Base; path = Base.lproj/Main.storyboard; sourceTree = "<group>"; };
		D0B6D8E81E3E3181007A59CA /* Assets.xcassets */ = {isa = PBXFileReference; lastKnownFileType = folder.assetcatalog; path = Assets.xcassets; sourceTree = "<group>"; };
		D0B6D8EB1E3E3181007A59CA /* Base */ = {isa = PBXFileReference; lastKnownFileType = file.storyboard; name = Base; path = Base.lproj/LaunchScreen.storyboard; sourceTree = "<group>"; };
		D0B6D8ED1E3E3181007A59CA /* Info.plist */ = {isa = PBXFileReference; lastKnownFileType = text.plist.xml; path = Info.plist; sourceTree = "<group>"; };
		D0B6D8F31E3E343B007A59CA /* README.md */ = {isa = PBXFileReference; lastKnownFileType = net.daringfireball.markdown; path = README.md; sourceTree = "<group>"; };
		D0B6D8F41E3E3487007A59CA /* .gitignore */ = {isa = PBXFileReference; lastKnownFileType = text; path = .gitignore; sourceTree = "<group>"; };
		D0B6D8F61E3E800B007A59CA /* MapKit.framework */ = {isa = PBXFileReference; lastKnownFileType = wrapper.framework; name = MapKit.framework; path = System/Library/Frameworks/MapKit.framework; sourceTree = SDKROOT; };
		D0B6D8FB1E3FDB97007A59CA /* MMDealerFetcher.swift */ = {isa = PBXFileReference; fileEncoding = 4; lastKnownFileType = sourcecode.swift; path = MMDealerFetcher.swift; sourceTree = "<group>"; };
		D0B6D8FD1E3FE21D007A59CA /* GlobalValues.swift */ = {isa = PBXFileReference; fileEncoding = 4; lastKnownFileType = sourcecode.swift; path = GlobalValues.swift; sourceTree = "<group>"; };
		D0B6D8FF1E4129FB007A59CA /* MMDealer.swift */ = {isa = PBXFileReference; fileEncoding = 4; lastKnownFileType = sourcecode.swift; name = MMDealer.swift; path = Model/MMDealer.swift; sourceTree = "<group>"; };
/* End PBXFileReference section */

/* Begin PBXFrameworksBuildPhase section */
		D0B6D8DB1E3E3181007A59CA /* Frameworks */ = {
			isa = PBXFrameworksBuildPhase;
			buildActionMask = 2147483647;
			files = (
				D0B6D8F71E3E800B007A59CA /* MapKit.framework in Frameworks */,
			);
			runOnlyForDeploymentPostprocessing = 0;
		};
/* End PBXFrameworksBuildPhase section */

/* Begin PBXGroup section */
		D0B6D8D51E3E3181007A59CA = {
			isa = PBXGroup;
			children = (
				D0B6D8F41E3E3487007A59CA /* .gitignore */,
				D0B6D8F31E3E343B007A59CA /* README.md */,
				D0B6D8E01E3E3181007A59CA /* MateMonkey */,
				D0B6D8DF1E3E3181007A59CA /* Products */,
				D0B6D8F51E3E800B007A59CA /* Frameworks */,
			);
			sourceTree = "<group>";
		};
		D0B6D8DF1E3E3181007A59CA /* Products */ = {
			isa = PBXGroup;
			children = (
				D0B6D8DE1E3E3181007A59CA /* MateMonkey.app */,
			);
			name = Products;
			sourceTree = "<group>";
		};
		D0B6D8E01E3E3181007A59CA /* MateMonkey */ = {
			isa = PBXGroup;
			children = (
				D0B6D8E81E3E3181007A59CA /* Assets.xcassets */,
				D0B6D9021E412A16007A59CA /* Models */,
				D0B6D8F81E3FD8C0007A59CA /* Storyboards/Views */,
				D0B6D8FA1E3FD8EE007A59CA /* Controllers */,
				D0B6D8F91E3FD8DE007A59CA /* Additional Files */,
			);
			path = MateMonkey;
			sourceTree = "<group>";
		};
		D0B6D8F51E3E800B007A59CA /* Frameworks */ = {
			isa = PBXGroup;
			children = (
				D0B6D8F61E3E800B007A59CA /* MapKit.framework */,
			);
			name = Frameworks;
			sourceTree = "<group>";
		};
		D0B6D8F81E3FD8C0007A59CA /* Storyboards/Views */ = {
			isa = PBXGroup;
			children = (
				D0B6D8E51E3E3181007A59CA /* Main.storyboard */,
				D0B6D8EA1E3E3181007A59CA /* LaunchScreen.storyboard */,
			);
			name = Storyboards/Views;
			sourceTree = "<group>";
		};
		D0B6D8F91E3FD8DE007A59CA /* Additional Files */ = {
			isa = PBXGroup;
			children = (
				D0B6D8FD1E3FE21D007A59CA /* GlobalValues.swift */,
				D0B6D8E11E3E3181007A59CA /* AppDelegate.swift */,
				D0B6D8ED1E3E3181007A59CA /* Info.plist */,
			);
			path = "Additional Files";
			sourceTree = "<group>";
		};
		D0B6D8FA1E3FD8EE007A59CA /* Controllers */ = {
			isa = PBXGroup;
			children = (
				D0B6D8E31E3E3181007A59CA /* MateMapViewController.swift */,
				D0B6D8FB1E3FDB97007A59CA /* MMDealerFetcher.swift */,
			);
			path = Controllers;
			sourceTree = "<group>";
		};
		D0B6D9021E412A16007A59CA /* Models */ = {
			isa = PBXGroup;
			children = (
				D0B6D8FF1E4129FB007A59CA /* MMDealer.swift */,
			);
			name = Models;
			sourceTree = "<group>";
		};
/* End PBXGroup section */

/* Begin PBXNativeTarget section */
		D0B6D8DD1E3E3181007A59CA /* MateMonkey */ = {
			isa = PBXNativeTarget;
			buildConfigurationList = D0B6D8F01E3E3181007A59CA /* Build configuration list for PBXNativeTarget "MateMonkey" */;
			buildPhases = (
				D0B6D8DA1E3E3181007A59CA /* Sources */,
				D0B6D8DB1E3E3181007A59CA /* Frameworks */,
				D0B6D8DC1E3E3181007A59CA /* Resources */,
			);
			buildRules = (
			);
			dependencies = (
			);
			name = MateMonkey;
			productName = MateMonkey;
			productReference = D0B6D8DE1E3E3181007A59CA /* MateMonkey.app */;
			productType = "com.apple.product-type.application";
		};
/* End PBXNativeTarget section */

/* Begin PBXProject section */
		D0B6D8D61E3E3181007A59CA /* Project object */ = {
			isa = PBXProject;
			attributes = {
				LastSwiftUpdateCheck = 0820;
				LastUpgradeCheck = 0820;
				ORGANIZATIONNAME = "Jurassic Turtle";
				TargetAttributes = {
					D0B6D8DD1E3E3181007A59CA = {
						CreatedOnToolsVersion = 8.2.1;
						DevelopmentTeam = 3AX7ZS95SE;
						ProvisioningStyle = Automatic;
						SystemCapabilities = {
							com.apple.Maps.iOS = {
								enabled = 1;
							};
						};
					};
				};
			};
			buildConfigurationList = D0B6D8D91E3E3181007A59CA /* Build configuration list for PBXProject "MateMonkey" */;
			compatibilityVersion = "Xcode 3.2";
			developmentRegion = English;
			hasScannedForEncodings = 0;
			knownRegions = (
				en,
				Base,
			);
			mainGroup = D0B6D8D51E3E3181007A59CA;
			productRefGroup = D0B6D8DF1E3E3181007A59CA /* Products */;
			projectDirPath = "";
			projectRoot = "";
			targets = (
				D0B6D8DD1E3E3181007A59CA /* MateMonkey */,
			);
		};
/* End PBXProject section */

/* Begin PBXResourcesBuildPhase section */
		D0B6D8DC1E3E3181007A59CA /* Resources */ = {
			isa = PBXResourcesBuildPhase;
			buildActionMask = 2147483647;
			files = (
				D0B6D8EC1E3E3181007A59CA /* LaunchScreen.storyboard in Resources */,
				D0B6D8E91E3E3181007A59CA /* Assets.xcassets in Resources */,
				D0B6D8E71E3E3181007A59CA /* Main.storyboard in Resources */,
			);
			runOnlyForDeploymentPostprocessing = 0;
		};
/* End PBXResourcesBuildPhase section */

/* Begin PBXSourcesBuildPhase section */
		D0B6D8DA1E3E3181007A59CA /* Sources */ = {
			isa = PBXSourcesBuildPhase;
			buildActionMask = 2147483647;
			files = (
				D0B6D8FC1E3FDB97007A59CA /* MMDealerFetcher.swift in Sources */,
				D0B6D9001E4129FB007A59CA /* MMDealer.swift in Sources */,
				D0B6D8E41E3E3181007A59CA /* MateMapViewController.swift in Sources */,
				D0B6D8E21E3E3181007A59CA /* AppDelegate.swift in Sources */,
				D0B6D8FE1E3FE21D007A59CA /* GlobalValues.swift in Sources */,
			);
			runOnlyForDeploymentPostprocessing = 0;
		};
/* End PBXSourcesBuildPhase section */

/* Begin PBXVariantGroup section */
		D0B6D8E51E3E3181007A59CA /* Main.storyboard */ = {
			isa = PBXVariantGroup;
			children = (
				D0B6D8E61E3E3181007A59CA /* Base */,
			);
			name = Main.storyboard;
			sourceTree = "<group>";
		};
		D0B6D8EA1E3E3181007A59CA /* LaunchScreen.storyboard */ = {
			isa = PBXVariantGroup;
			children = (
				D0B6D8EB1E3E3181007A59CA /* Base */,
			);
			name = LaunchScreen.storyboard;
			sourceTree = "<group>";
		};
/* End PBXVariantGroup section */

/* Begin XCBuildConfiguration section */
		D0B6D8EE1E3E3181007A59CA /* Debug */ = {
			isa = XCBuildConfiguration;
			buildSettings = {
				ALWAYS_SEARCH_USER_PATHS = NO;
				CLANG_ANALYZER_NONNULL = YES;
				CLANG_CXX_LANGUAGE_STANDARD = "gnu++0x";
				CLANG_CXX_LIBRARY = "libc++";
				CLANG_ENABLE_MODULES = YES;
				CLANG_ENABLE_OBJC_ARC = YES;
				CLANG_WARN_BOOL_CONVERSION = YES;
				CLANG_WARN_CONSTANT_CONVERSION = YES;
				CLANG_WARN_DIRECT_OBJC_ISA_USAGE = YES_ERROR;
				CLANG_WARN_DOCUMENTATION_COMMENTS = YES;
				CLANG_WARN_EMPTY_BODY = YES;
				CLANG_WARN_ENUM_CONVERSION = YES;
				CLANG_WARN_INFINITE_RECURSION = YES;
				CLANG_WARN_INT_CONVERSION = YES;
				CLANG_WARN_OBJC_ROOT_CLASS = YES_ERROR;
				CLANG_WARN_SUSPICIOUS_MOVE = YES;
				CLANG_WARN_UNREACHABLE_CODE = YES;
				CLANG_WARN__DUPLICATE_METHOD_MATCH = YES;
				"CODE_SIGN_IDENTITY[sdk=iphoneos*]" = "iPhone Developer";
				COPY_PHASE_STRIP = NO;
				DEBUG_INFORMATION_FORMAT = dwarf;
				ENABLE_STRICT_OBJC_MSGSEND = YES;
				ENABLE_TESTABILITY = YES;
				GCC_C_LANGUAGE_STANDARD = gnu99;
				GCC_DYNAMIC_NO_PIC = NO;
				GCC_NO_COMMON_BLOCKS = YES;
				GCC_OPTIMIZATION_LEVEL = 0;
				GCC_PREPROCESSOR_DEFINITIONS = (
					"DEBUG=1",
					"$(inherited)",
				);
				GCC_WARN_64_TO_32_BIT_CONVERSION = YES;
				GCC_WARN_ABOUT_RETURN_TYPE = YES_ERROR;
				GCC_WARN_UNDECLARED_SELECTOR = YES;
				GCC_WARN_UNINITIALIZED_AUTOS = YES_AGGRESSIVE;
				GCC_WARN_UNUSED_FUNCTION = YES;
				GCC_WARN_UNUSED_VARIABLE = YES;
				IPHONEOS_DEPLOYMENT_TARGET = 10.2;
				MTL_ENABLE_DEBUG_INFO = YES;
				ONLY_ACTIVE_ARCH = YES;
				SDKROOT = iphoneos;
				SWIFT_ACTIVE_COMPILATION_CONDITIONS = DEBUG;
				SWIFT_OPTIMIZATION_LEVEL = "-Onone";
			};
			name = Debug;
		};
		D0B6D8EF1E3E3181007A59CA /* Release */ = {
			isa = XCBuildConfiguration;
			buildSettings = {
				ALWAYS_SEARCH_USER_PATHS = NO;
				CLANG_ANALYZER_NONNULL = YES;
				CLANG_CXX_LANGUAGE_STANDARD = "gnu++0x";
				CLANG_CXX_LIBRARY = "libc++";
				CLANG_ENABLE_MODULES = YES;
				CLANG_ENABLE_OBJC_ARC = YES;
				CLANG_WARN_BOOL_CONVERSION = YES;
				CLANG_WARN_CONSTANT_CONVERSION = YES;
				CLANG_WARN_DIRECT_OBJC_ISA_USAGE = YES_ERROR;
				CLANG_WARN_DOCUMENTATION_COMMENTS = YES;
				CLANG_WARN_EMPTY_BODY = YES;
				CLANG_WARN_ENUM_CONVERSION = YES;
				CLANG_WARN_INFINITE_RECURSION = YES;
				CLANG_WARN_INT_CONVERSION = YES;
				CLANG_WARN_OBJC_ROOT_CLASS = YES_ERROR;
				CLANG_WARN_SUSPICIOUS_MOVE = YES;
				CLANG_WARN_UNREACHABLE_CODE = YES;
				CLANG_WARN__DUPLICATE_METHOD_MATCH = YES;
				"CODE_SIGN_IDENTITY[sdk=iphoneos*]" = "iPhone Developer";
				COPY_PHASE_STRIP = NO;
				DEBUG_INFORMATION_FORMAT = "dwarf-with-dsym";
				ENABLE_NS_ASSERTIONS = NO;
				ENABLE_STRICT_OBJC_MSGSEND = YES;
				GCC_C_LANGUAGE_STANDARD = gnu99;
				GCC_NO_COMMON_BLOCKS = YES;
				GCC_WARN_64_TO_32_BIT_CONVERSION = YES;
				GCC_WARN_ABOUT_RETURN_TYPE = YES_ERROR;
				GCC_WARN_UNDECLARED_SELECTOR = YES;
				GCC_WARN_UNINITIALIZED_AUTOS = YES_AGGRESSIVE;
				GCC_WARN_UNUSED_FUNCTION = YES;
				GCC_WARN_UNUSED_VARIABLE = YES;
				IPHONEOS_DEPLOYMENT_TARGET = 10.2;
				MTL_ENABLE_DEBUG_INFO = NO;
				SDKROOT = iphoneos;
				SWIFT_OPTIMIZATION_LEVEL = "-Owholemodule";
				VALIDATE_PRODUCT = YES;
			};
			name = Release;
		};
		D0B6D8F11E3E3181007A59CA /* Debug */ = {
			isa = XCBuildConfiguration;
			buildSettings = {
				ASSETCATALOG_COMPILER_APPICON_NAME = AppIcon;
				DEVELOPMENT_TEAM = 3AX7ZS95SE;
				INFOPLIST_FILE = "$(SRCROOT)/MateMonkey/Additional Files/Info.plist";
				IPHONEOS_DEPLOYMENT_TARGET = 9.0;
				LD_RUNPATH_SEARCH_PATHS = "$(inherited) @executable_path/Frameworks";
				PRODUCT_BUNDLE_IDENTIFIER = com.jurassicturtle.matemonkey;
				PRODUCT_NAME = "$(TARGET_NAME)";
				SWIFT_VERSION = 3.0;
			};
			name = Debug;
		};
		D0B6D8F21E3E3181007A59CA /* Release */ = {
			isa = XCBuildConfiguration;
			buildSettings = {
				ASSETCATALOG_COMPILER_APPICON_NAME = AppIcon;
				DEVELOPMENT_TEAM = 3AX7ZS95SE;
				INFOPLIST_FILE = "$(SRCROOT)/MateMonkey/Additional Files/Info.plist";
				IPHONEOS_DEPLOYMENT_TARGET = 9.0;
				LD_RUNPATH_SEARCH_PATHS = "$(inherited) @executable_path/Frameworks";
				PRODUCT_BUNDLE_IDENTIFIER = com.jurassicturtle.matemonkey;
				PRODUCT_NAME = "$(TARGET_NAME)";
				SWIFT_VERSION = 3.0;
			};
			name = Release;
		};
/* End XCBuildConfiguration section */

/* Begin XCConfigurationList section */
		D0B6D8D91E3E3181007A59CA /* Build configuration list for PBXProject "MateMonkey" */ = {
			isa = XCConfigurationList;
			buildConfigurations = (
				D0B6D8EE1E3E3181007A59CA /* Debug */,
				D0B6D8EF1E3E3181007A59CA /* Release */,
			);
			defaultConfigurationIsVisible = 0;
			defaultConfigurationName = Release;
		};
		D0B6D8F01E3E3181007A59CA /* Build configuration list for PBXNativeTarget "MateMonkey" */ = {
			isa = XCConfigurationList;
			buildConfigurations = (
				D0B6D8F11E3E3181007A59CA /* Debug */,
				D0B6D8F21E3E3181007A59CA /* Release */,
			);
			defaultConfigurationIsVisible = 0;
		};
/* End XCConfigurationList section */
	};
	rootObject = D0B6D8D61E3E3181007A59CA /* Project object */;
}
